// !$*UTF8*$!
{
	archiveVersion = 1;
	classes = {
	};
	objectVersion = 48;
	objects = {

/* Begin PBXBuildFile section */
		802A99302059670300479F6D /* AdobeHandler.framework in Frameworks */ = {isa = PBXBuildFile; fileRef = 802A992F2059670300479F6D /* AdobeHandler.framework */; };
		802A99322059670B00479F6D /* AdobeHandler.framework in Embed Frameworks */ = {isa = PBXBuildFile; fileRef = 802A992F2059670300479F6D /* AdobeHandler.framework */; settings = {ATTRIBUTES = (CodeSignOnCopy, RemoveHeadersOnCopy, ); }; };
		802A993420596CD300479F6D /* ADBMobileConfig.json in Resources */ = {isa = PBXBuildFile; fileRef = 802A993320596CD200479F6D /* ADBMobileConfig.json */; };
		808E1A4E20501C2300E1980B /* AppDelegate.swift in Sources */ = {isa = PBXBuildFile; fileRef = 808E1A4D20501C2300E1980B /* AppDelegate.swift */; };
		808E1A5020501C2300E1980B /* ViewController.swift in Sources */ = {isa = PBXBuildFile; fileRef = 808E1A4F20501C2300E1980B /* ViewController.swift */; };
		808E1A5320501C2400E1980B /* Main.storyboard in Resources */ = {isa = PBXBuildFile; fileRef = 808E1A5120501C2400E1980B /* Main.storyboard */; };
		808E1A5620501C2500E1980B /* CargoTestApp.xcdatamodeld in Sources */ = {isa = PBXBuildFile; fileRef = 808E1A5420501C2500E1980B /* CargoTestApp.xcdatamodeld */; };
		808E1A5820501C2500E1980B /* Assets.xcassets in Resources */ = {isa = PBXBuildFile; fileRef = 808E1A5720501C2500E1980B /* Assets.xcassets */; };
		808E1A5B20501C2600E1980B /* LaunchScreen.storyboard in Resources */ = {isa = PBXBuildFile; fileRef = 808E1A5920501C2600E1980B /* LaunchScreen.storyboard */; };
		808E1A6A20501C8E00E1980B /* GoogleService-Info.plist in Resources */ = {isa = PBXBuildFile; fileRef = 808E1A6920501C8E00E1980B /* GoogleService-Info.plist */; };
		808E1A76205022CE00E1980B /* container in Resources */ = {isa = PBXBuildFile; fileRef = 808E1A75205022CE00E1980B /* container */; };
		808E1A8D2050314C00E1980B /* CargoCore.framework in Frameworks */ = {isa = PBXBuildFile; fileRef = 808E1A852050314300E1980B /* CargoCore.framework */; };
		808E1A8E2050314C00E1980B /* CargoCore.framework in Embed Frameworks */ = {isa = PBXBuildFile; fileRef = 808E1A852050314300E1980B /* CargoCore.framework */; settings = {ATTRIBUTES = (CodeSignOnCopy, RemoveHeadersOnCopy, ); }; };
		808E1A8F2050314C00E1980B /* FacebookHandler.framework in Frameworks */ = {isa = PBXBuildFile; fileRef = 808E1A872050314300E1980B /* FacebookHandler.framework */; };
		808E1A902050314C00E1980B /* FacebookHandler.framework in Embed Frameworks */ = {isa = PBXBuildFile; fileRef = 808E1A872050314300E1980B /* FacebookHandler.framework */; settings = {ATTRIBUTES = (CodeSignOnCopy, RemoveHeadersOnCopy, ); }; };
		808E1A952050314C00E1980B /* TuneHandler.framework in Frameworks */ = {isa = PBXBuildFile; fileRef = 808E1A862050314300E1980B /* TuneHandler.framework */; };
		808E1A962050314C00E1980B /* TuneHandler.framework in Embed Frameworks */ = {isa = PBXBuildFile; fileRef = 808E1A862050314300E1980B /* TuneHandler.framework */; settings = {ATTRIBUTES = (CodeSignOnCopy, RemoveHeadersOnCopy, ); }; };
		808E1A972050315A00E1980B /* Tune.framework in Frameworks */ = {isa = PBXBuildFile; fileRef = 808E1A842050314300E1980B /* Tune.framework */; };
		808E1A99205031D900E1980B /* GoogleToolboxForMac.framework in Frameworks */ = {isa = PBXBuildFile; fileRef = 808E1A832050314300E1980B /* GoogleToolboxForMac.framework */; };
		808E1A9A205031D900E1980B /* GoogleToolboxForMac.framework in Embed Frameworks */ = {isa = PBXBuildFile; fileRef = 808E1A832050314300E1980B /* GoogleToolboxForMac.framework */; settings = {ATTRIBUTES = (CodeSignOnCopy, RemoveHeadersOnCopy, ); }; };
		808E1AB220503BC800E1980B /* ATInternetHandler.framework in Frameworks */ = {isa = PBXBuildFile; fileRef = 808E1AB020503BC100E1980B /* ATInternetHandler.framework */; };
		808E1AB320503BC800E1980B /* ATInternetHandler.framework in Embed Frameworks */ = {isa = PBXBuildFile; fileRef = 808E1AB020503BC100E1980B /* ATInternetHandler.framework */; settings = {ATTRIBUTES = (CodeSignOnCopy, RemoveHeadersOnCopy, ); }; };
		808E1AB620503D6F00E1980B /* Tracker.framework in Frameworks */ = {isa = PBXBuildFile; fileRef = 808E1AB420503C7300E1980B /* Tracker.framework */; };
		808E1AB720503D6F00E1980B /* Tracker.framework in Embed Frameworks */ = {isa = PBXBuildFile; fileRef = 808E1AB420503C7300E1980B /* Tracker.framework */; settings = {ATTRIBUTES = (CodeSignOnCopy, RemoveHeadersOnCopy, ); }; };
/* End PBXBuildFile section */

/* Begin PBXCopyFilesBuildPhase section */
		808E1A6820501C6600E1980B /* Embed Frameworks */ = {
			isa = PBXCopyFilesBuildPhase;
			buildActionMask = 2147483647;
			dstPath = "";
			dstSubfolderSpec = 10;
			files = (
				808E1AB320503BC800E1980B /* ATInternetHandler.framework in Embed Frameworks */,
				808E1AB720503D6F00E1980B /* Tracker.framework in Embed Frameworks */,
				808E1A8E2050314C00E1980B /* CargoCore.framework in Embed Frameworks */,
				808E1A9A205031D900E1980B /* GoogleToolboxForMac.framework in Embed Frameworks */,
				808E1A962050314C00E1980B /* TuneHandler.framework in Embed Frameworks */,
				802A99322059670B00479F6D /* AdobeHandler.framework in Embed Frameworks */,
				808E1A902050314C00E1980B /* FacebookHandler.framework in Embed Frameworks */,
			);
			name = "Embed Frameworks";
			runOnlyForDeploymentPostprocessing = 0;
		};
/* End PBXCopyFilesBuildPhase section */

/* Begin PBXFileReference section */
		802A992F2059670300479F6D /* AdobeHandler.framework */ = {isa = PBXFileReference; lastKnownFileType = wrapper.framework; name = AdobeHandler.framework; path = Frameworks/AdobeHandler.framework; sourceTree = "<group>"; };
		802A993320596CD200479F6D /* ADBMobileConfig.json */ = {isa = PBXFileReference; fileEncoding = 4; lastKnownFileType = text.json; path = ADBMobileConfig.json; sourceTree = "<group>"; };
		808E1A4A20501C2300E1980B /* CargoTestApp.app */ = {isa = PBXFileReference; explicitFileType = wrapper.application; includeInIndex = 0; path = CargoTestApp.app; sourceTree = BUILT_PRODUCTS_DIR; };
		808E1A4D20501C2300E1980B /* AppDelegate.swift */ = {isa = PBXFileReference; lastKnownFileType = sourcecode.swift; path = AppDelegate.swift; sourceTree = "<group>"; };
		808E1A4F20501C2300E1980B /* ViewController.swift */ = {isa = PBXFileReference; lastKnownFileType = sourcecode.swift; path = ViewController.swift; sourceTree = "<group>"; };
		808E1A5220501C2400E1980B /* Base */ = {isa = PBXFileReference; lastKnownFileType = file.storyboard; name = Base; path = Base.lproj/Main.storyboard; sourceTree = "<group>"; };
		808E1A5520501C2500E1980B /* CargoTestApp.xcdatamodel */ = {isa = PBXFileReference; lastKnownFileType = wrapper.xcdatamodel; path = CargoTestApp.xcdatamodel; sourceTree = "<group>"; };
		808E1A5720501C2500E1980B /* Assets.xcassets */ = {isa = PBXFileReference; lastKnownFileType = folder.assetcatalog; path = Assets.xcassets; sourceTree = "<group>"; };
		808E1A5A20501C2600E1980B /* Base */ = {isa = PBXFileReference; lastKnownFileType = file.storyboard; name = Base; path = Base.lproj/LaunchScreen.storyboard; sourceTree = "<group>"; };
		808E1A5C20501C2600E1980B /* Info.plist */ = {isa = PBXFileReference; lastKnownFileType = text.plist.xml; path = Info.plist; sourceTree = "<group>"; };
		808E1A6920501C8E00E1980B /* GoogleService-Info.plist */ = {isa = PBXFileReference; fileEncoding = 4; lastKnownFileType = text.plist.xml; path = "GoogleService-Info.plist"; sourceTree = "<group>"; };
		808E1A75205022CE00E1980B /* container */ = {isa = PBXFileReference; lastKnownFileType = folder; path = container; sourceTree = "<group>"; };
		808E1A832050314300E1980B /* GoogleToolboxForMac.framework */ = {isa = PBXFileReference; lastKnownFileType = wrapper.framework; name = GoogleToolboxForMac.framework; path = Frameworks/GoogleToolboxForMac.framework; sourceTree = "<group>"; };
		808E1A842050314300E1980B /* Tune.framework */ = {isa = PBXFileReference; lastKnownFileType = wrapper.framework; name = Tune.framework; path = Frameworks/Tune.framework; sourceTree = "<group>"; };
		808E1A852050314300E1980B /* CargoCore.framework */ = {isa = PBXFileReference; lastKnownFileType = wrapper.framework; name = CargoCore.framework; path = Frameworks/CargoCore.framework; sourceTree = "<group>"; };
		808E1A862050314300E1980B /* TuneHandler.framework */ = {isa = PBXFileReference; lastKnownFileType = wrapper.framework; name = TuneHandler.framework; path = Frameworks/TuneHandler.framework; sourceTree = "<group>"; };
		808E1A872050314300E1980B /* FacebookHandler.framework */ = {isa = PBXFileReference; lastKnownFileType = wrapper.framework; name = FacebookHandler.framework; path = Frameworks/FacebookHandler.framework; sourceTree = "<group>"; };
		808E1AB020503BC100E1980B /* ATInternetHandler.framework */ = {isa = PBXFileReference; lastKnownFileType = wrapper.framework; name = ATInternetHandler.framework; path = Frameworks/ATInternetHandler.framework; sourceTree = "<group>"; };
		808E1AB420503C7300E1980B /* Tracker.framework */ = {isa = PBXFileReference; lastKnownFileType = wrapper.framework; name = Tracker.framework; path = Frameworks/Tracker.framework; sourceTree = "<group>"; };
/* End PBXFileReference section */

/* Begin PBXFrameworksBuildPhase section */
		808E1A4720501C2300E1980B /* Frameworks */ = {
			isa = PBXFrameworksBuildPhase;
			buildActionMask = 2147483647;
			files = (
				808E1AB220503BC800E1980B /* ATInternetHandler.framework in Frameworks */,
				808E1AB620503D6F00E1980B /* Tracker.framework in Frameworks */,
				808E1A8D2050314C00E1980B /* CargoCore.framework in Frameworks */,
				802A99302059670300479F6D /* AdobeHandler.framework in Frameworks */,
				808E1A8F2050314C00E1980B /* FacebookHandler.framework in Frameworks */,
				808E1A99205031D900E1980B /* GoogleToolboxForMac.framework in Frameworks */,
				808E1A972050315A00E1980B /* Tune.framework in Frameworks */,
				808E1A952050314C00E1980B /* TuneHandler.framework in Frameworks */,
			);
			runOnlyForDeploymentPostprocessing = 0;
		};
/* End PBXFrameworksBuildPhase section */

/* Begin PBXGroup section */
		808E1A4120501C2200E1980B = {
			isa = PBXGroup;
			children = (
				808E1A6920501C8E00E1980B /* GoogleService-Info.plist */,
				808E1A4C20501C2300E1980B /* CargoTestApp */,
				808E1A4B20501C2300E1980B /* Products */,
				808E1A6E2050211D00E1980B /* Frameworks */,
			);
			sourceTree = "<group>";
		};
		808E1A4B20501C2300E1980B /* Products */ = {
			isa = PBXGroup;
			children = (
				808E1A4A20501C2300E1980B /* CargoTestApp.app */,
			);
			name = Products;
			sourceTree = "<group>";
		};
		808E1A4C20501C2300E1980B /* CargoTestApp */ = {
			isa = PBXGroup;
			children = (
				802A993320596CD200479F6D /* ADBMobileConfig.json */,
				808E1A75205022CE00E1980B /* container */,
				808E1A4D20501C2300E1980B /* AppDelegate.swift */,
				808E1A4F20501C2300E1980B /* ViewController.swift */,
				808E1A5120501C2400E1980B /* Main.storyboard */,
				808E1A5720501C2500E1980B /* Assets.xcassets */,
				808E1A5920501C2600E1980B /* LaunchScreen.storyboard */,
				808E1A5C20501C2600E1980B /* Info.plist */,
				808E1A5420501C2500E1980B /* CargoTestApp.xcdatamodeld */,
			);
			path = CargoTestApp;
			sourceTree = "<group>";
		};
		808E1A6E2050211D00E1980B /* Frameworks */ = {
			isa = PBXGroup;
			children = (
				802A992F2059670300479F6D /* AdobeHandler.framework */,
				808E1AB420503C7300E1980B /* Tracker.framework */,
				808E1AB020503BC100E1980B /* ATInternetHandler.framework */,
				808E1A852050314300E1980B /* CargoCore.framework */,
				808E1A872050314300E1980B /* FacebookHandler.framework */,
				808E1A832050314300E1980B /* GoogleToolboxForMac.framework */,
				808E1A842050314300E1980B /* Tune.framework */,
				808E1A862050314300E1980B /* TuneHandler.framework */,
			);
			name = Frameworks;
			sourceTree = "<group>";
		};
/* End PBXGroup section */

/* Begin PBXNativeTarget section */
		808E1A4920501C2300E1980B /* CargoTestApp */ = {
			isa = PBXNativeTarget;
			buildConfigurationList = 808E1A5F20501C2600E1980B /* Build configuration list for PBXNativeTarget "CargoTestApp" */;
			buildPhases = (
				808E1A4620501C2300E1980B /* Sources */,
				808E1A4720501C2300E1980B /* Frameworks */,
				808E1A4820501C2300E1980B /* Resources */,
				808E1A6820501C6600E1980B /* Embed Frameworks */,
			);
			buildRules = (
			);
			dependencies = (
			);
			name = CargoTestApp;
			productName = CargoTestApp;
			productReference = 808E1A4A20501C2300E1980B /* CargoTestApp.app */;
			productType = "com.apple.product-type.application";
		};
/* End PBXNativeTarget section */

/* Begin PBXProject section */
		808E1A4220501C2200E1980B /* Project object */ = {
			isa = PBXProject;
			attributes = {
				LastSwiftUpdateCheck = 0920;
				LastUpgradeCheck = 0920;
				ORGANIZATIONNAME = "com.fifty-five";
				TargetAttributes = {
					808E1A4920501C2300E1980B = {
						CreatedOnToolsVersion = 9.2;
						ProvisioningStyle = Automatic;
					};
				};
			};
			buildConfigurationList = 808E1A4520501C2200E1980B /* Build configuration list for PBXProject "CargoTestApp" */;
			compatibilityVersion = "Xcode 8.0";
			developmentRegion = en;
			hasScannedForEncodings = 0;
			knownRegions = (
				en,
				Base,
			);
			mainGroup = 808E1A4120501C2200E1980B;
			productRefGroup = 808E1A4B20501C2300E1980B /* Products */;
			projectDirPath = "";
			projectRoot = "";
			targets = (
				808E1A4920501C2300E1980B /* CargoTestApp */,
			);
		};
/* End PBXProject section */

/* Begin PBXResourcesBuildPhase section */
		808E1A4820501C2300E1980B /* Resources */ = {
			isa = PBXResourcesBuildPhase;
			buildActionMask = 2147483647;
			files = (
				808E1A5B20501C2600E1980B /* LaunchScreen.storyboard in Resources */,
				802A993420596CD300479F6D /* ADBMobileConfig.json in Resources */,
				808E1A6A20501C8E00E1980B /* GoogleService-Info.plist in Resources */,
				808E1A76205022CE00E1980B /* container in Resources */,
				808E1A5820501C2500E1980B /* Assets.xcassets in Resources */,
				808E1A5320501C2400E1980B /* Main.storyboard in Resources */,
			);
			runOnlyForDeploymentPostprocessing = 0;
		};
/* End PBXResourcesBuildPhase section */

/* Begin PBXSourcesBuildPhase section */
		808E1A4620501C2300E1980B /* Sources */ = {
			isa = PBXSourcesBuildPhase;
			buildActionMask = 2147483647;
			files = (
				808E1A5620501C2500E1980B /* CargoTestApp.xcdatamodeld in Sources */,
				808E1A5020501C2300E1980B /* ViewController.swift in Sources */,
				808E1A4E20501C2300E1980B /* AppDelegate.swift in Sources */,
			);
			runOnlyForDeploymentPostprocessing = 0;
		};
/* End PBXSourcesBuildPhase section */

/* Begin PBXVariantGroup section */
		808E1A5120501C2400E1980B /* Main.storyboard */ = {
			isa = PBXVariantGroup;
			children = (
				808E1A5220501C2400E1980B /* Base */,
			);
			name = Main.storyboard;
			sourceTree = "<group>";
		};
		808E1A5920501C2600E1980B /* LaunchScreen.storyboard */ = {
			isa = PBXVariantGroup;
			children = (
				808E1A5A20501C2600E1980B /* Base */,
			);
			name = LaunchScreen.storyboard;
			sourceTree = "<group>";
		};
/* End PBXVariantGroup section */

/* Begin XCBuildConfiguration section */
		808E1A5E20501C2600E1980B /* Release */ = {
			isa = XCBuildConfiguration;
			buildSettings = {
				ALWAYS_SEARCH_USER_PATHS = NO;
				CLANG_ANALYZER_NONNULL = YES;
				CLANG_ANALYZER_NUMBER_OBJECT_CONVERSION = YES_AGGRESSIVE;
				CLANG_CXX_LANGUAGE_STANDARD = "gnu++14";
				CLANG_CXX_LIBRARY = "libc++";
				CLANG_ENABLE_MODULES = YES;
				CLANG_ENABLE_OBJC_ARC = YES;
				CLANG_WARN_BLOCK_CAPTURE_AUTORELEASING = YES;
				CLANG_WARN_BOOL_CONVERSION = YES;
				CLANG_WARN_COMMA = YES;
				CLANG_WARN_CONSTANT_CONVERSION = YES;
				CLANG_WARN_DIRECT_OBJC_ISA_USAGE = YES_ERROR;
				CLANG_WARN_DOCUMENTATION_COMMENTS = YES;
				CLANG_WARN_EMPTY_BODY = YES;
				CLANG_WARN_ENUM_CONVERSION = YES;
				CLANG_WARN_INFINITE_RECURSION = YES;
				CLANG_WARN_INT_CONVERSION = YES;
				CLANG_WARN_NON_LITERAL_NULL_CONVERSION = YES;
				CLANG_WARN_OBJC_LITERAL_CONVERSION = YES;
				CLANG_WARN_OBJC_ROOT_CLASS = YES_ERROR;
				CLANG_WARN_RANGE_LOOP_ANALYSIS = YES;
				CLANG_WARN_STRICT_PROTOTYPES = YES;
				CLANG_WARN_SUSPICIOUS_MOVE = YES;
				CLANG_WARN_UNGUARDED_AVAILABILITY = YES_AGGRESSIVE;
				CLANG_WARN_UNREACHABLE_CODE = YES;
				CLANG_WARN__DUPLICATE_METHOD_MATCH = YES;
				CODE_SIGN_IDENTITY = "iPhone Developer";
				COPY_PHASE_STRIP = NO;
				DEBUG_INFORMATION_FORMAT = "dwarf-with-dsym";
				ENABLE_NS_ASSERTIONS = NO;
				ENABLE_STRICT_OBJC_MSGSEND = YES;
				GCC_C_LANGUAGE_STANDARD = gnu11;
				GCC_NO_COMMON_BLOCKS = YES;
				GCC_OPTIMIZATION_LEVEL = 0;
				GCC_WARN_64_TO_32_BIT_CONVERSION = YES;
				GCC_WARN_ABOUT_RETURN_TYPE = YES_ERROR;
				GCC_WARN_UNDECLARED_SELECTOR = YES;
				GCC_WARN_UNINITIALIZED_AUTOS = YES_AGGRESSIVE;
				GCC_WARN_UNUSED_FUNCTION = YES;
				GCC_WARN_UNUSED_VARIABLE = YES;
				IPHONEOS_DEPLOYMENT_TARGET = 11.0;
				MTL_ENABLE_DEBUG_INFO = NO;
				SDKROOT = iphoneos;
				SWIFT_OPTIMIZATION_LEVEL = "-Onone";
				VALIDATE_PRODUCT = YES;
			};
			name = Release;
		};
		808E1A6120501C2600E1980B /* Release */ = {
			isa = XCBuildConfiguration;
			buildSettings = {
				ASSETCATALOG_COMPILER_APPICON_NAME = AppIcon;
				CODE_SIGN_STYLE = Automatic;
				DEVELOPMENT_TEAM = 79FS8B67FE;
				FRAMEWORK_SEARCH_PATHS = (
					"$(inherited)",
					"$(PROJECT_DIR)",
					"$(PROJECT_DIR)/Frameworks",
				);
				INFOPLIST_FILE = CargoTestApp/Info.plist;
				IPHONEOS_DEPLOYMENT_TARGET = 11.0;
				LD_RUNPATH_SEARCH_PATHS = "$(inherited) @executable_path/Frameworks";
				PRODUCT_BUNDLE_IDENTIFIER = com.fiftyfive.App;
				PRODUCT_NAME = "$(TARGET_NAME)";
				SWIFT_VERSION = 4.0;
				TARGETED_DEVICE_FAMILY = "1,2";
			};
			name = Release;
		};
/* End XCBuildConfiguration section */

/* Begin XCConfigurationList section */
		808E1A4520501C2200E1980B /* Build configuration list for PBXProject "CargoTestApp" */ = {
			isa = XCConfigurationList;
			buildConfigurations = (
				808E1A5E20501C2600E1980B /* Release */,
			);
			defaultConfigurationIsVisible = 0;
			defaultConfigurationName = Release;
		};
		808E1A5F20501C2600E1980B /* Build configuration list for PBXNativeTarget "CargoTestApp" */ = {
			isa = XCConfigurationList;
			buildConfigurations = (
				808E1A6120501C2600E1980B /* Release */,
			);
			defaultConfigurationIsVisible = 0;
			defaultConfigurationName = Release;
		};
/* End XCConfigurationList section */

/* Begin XCVersionGroup section */
		808E1A5420501C2500E1980B /* CargoTestApp.xcdatamodeld */ = {
			isa = XCVersionGroup;
			children = (
				808E1A5520501C2500E1980B /* CargoTestApp.xcdatamodel */,
			);
			currentVersion = 808E1A5520501C2500E1980B /* CargoTestApp.xcdatamodel */;
			path = CargoTestApp.xcdatamodeld;
			sourceTree = "<group>";
			versionGroupType = wrapper.xcdatamodel;
		};
/* End XCVersionGroup section */
	};
	rootObject = 808E1A4220501C2200E1980B /* Project object */;
}
