// !$*UTF8*$!
{
	archiveVersion = 1;
	classes = {
	};
	objectVersion = 48;
	objects = {

/* Begin PBXAggregateTarget section */
		80B066742035D7BE00D5F49C /* Aggregate */ = {
			isa = PBXAggregateTarget;
			buildConfigurationList = 80B066752035D7BE00D5F49C /* Build configuration list for PBXAggregateTarget "Aggregate" */;
			buildPhases = (
				80B066772035D94E00D5F49C /* ShellScript */,
			);
			dependencies = (
				8014B2CB203B2A5700DFE21A /* PBXTargetDependency */,
			);
			name = Aggregate;
			productName = Aggregate;
		};
/* End PBXAggregateTarget section */

/* Begin PBXBuildFile section */
		8014B230203B119100DFE21A /* AdSupport.framework in Frameworks */ = {isa = PBXBuildFile; fileRef = 8014B22F203B119100DFE21A /* AdSupport.framework */; };
		8014B2CD203B2D0100DFE21A /* GoogleToolboxForMac.framework in Frameworks */ = {isa = PBXBuildFile; fileRef = 8014B2CC203B2D0100DFE21A /* GoogleToolboxForMac.framework */; };
		806212152033237800EAFA34 /* CargoCore.h in Headers */ = {isa = PBXBuildFile; fileRef = 806212132033237800EAFA34 /* CargoCore.h */; settings = {ATTRIBUTES = (Public, ); }; };
		8062121C2033238F00EAFA34 /* Cargo.swift in Sources */ = {isa = PBXBuildFile; fileRef = 8062121B2033238F00EAFA34 /* Cargo.swift */; };
		8062121E203323A700EAFA34 /* CargoItem.swift in Sources */ = {isa = PBXBuildFile; fileRef = 8062121D203323A700EAFA34 /* CargoItem.swift */; };
		80621220203323C500EAFA34 /* CARTagHandler.swift in Sources */ = {isa = PBXBuildFile; fileRef = 8062121F203323C500EAFA34 /* CARTagHandler.swift */; };
		806212252033240E00EAFA34 /* Tags.m in Sources */ = {isa = PBXBuildFile; fileRef = 806212242033240E00EAFA34 /* Tags.m */; };
		8062122A2033246900EAFA34 /* CARLogger.swift in Sources */ = {isa = PBXBuildFile; fileRef = 806212292033246900EAFA34 /* CARLogger.swift */; };
		8062122C2033248800EAFA34 /* CARConstants.swift in Sources */ = {isa = PBXBuildFile; fileRef = 8062122B2033248800EAFA34 /* CARConstants.swift */; };
		80621292203327BC00EAFA34 /* Tags.h in Headers */ = {isa = PBXBuildFile; fileRef = 806212262033242500EAFA34 /* Tags.h */; settings = {ATTRIBUTES = (Public, ); }; };
		80842753203C616000FD8028 /* GoogleTagManager.framework in Frameworks */ = {isa = PBXBuildFile; fileRef = 8084271E203C615F00FD8028 /* GoogleTagManager.framework */; };
		80842755203C616000FD8028 /* pb.h in Headers */ = {isa = PBXBuildFile; fileRef = 80842721203C615F00FD8028 /* pb.h */; settings = {ATTRIBUTES = (Public, ); }; };
		80842756203C616000FD8028 /* pb_common.c in Sources */ = {isa = PBXBuildFile; fileRef = 80842722203C615F00FD8028 /* pb_common.c */; };
		80842757203C616000FD8028 /* pb_common.h in Headers */ = {isa = PBXBuildFile; fileRef = 80842723203C615F00FD8028 /* pb_common.h */; settings = {ATTRIBUTES = (Public, ); }; };
		80842758203C616000FD8028 /* pb_decode.c in Sources */ = {isa = PBXBuildFile; fileRef = 80842724203C615F00FD8028 /* pb_decode.c */; };
		80842759203C616000FD8028 /* pb_decode.h in Headers */ = {isa = PBXBuildFile; fileRef = 80842725203C615F00FD8028 /* pb_decode.h */; settings = {ATTRIBUTES = (Public, ); }; };
		8084275A203C616000FD8028 /* pb_encode.c in Sources */ = {isa = PBXBuildFile; fileRef = 80842726203C615F00FD8028 /* pb_encode.c */; };
		8084275B203C616000FD8028 /* pb_encode.h in Headers */ = {isa = PBXBuildFile; fileRef = 80842727203C615F00FD8028 /* pb_encode.h */; settings = {ATTRIBUTES = (Public, ); }; };
		8084275D203C616000FD8028 /* FirebaseAnalytics.framework in Frameworks */ = {isa = PBXBuildFile; fileRef = 8084272B203C615F00FD8028 /* FirebaseAnalytics.framework */; };
		8084275E203C616000FD8028 /* FirebaseCoreDiagnostics.framework in Frameworks */ = {isa = PBXBuildFile; fileRef = 8084272C203C615F00FD8028 /* FirebaseCoreDiagnostics.framework */; };
		8084275F203C616000FD8028 /* FirebaseNanoPB.framework in Frameworks */ = {isa = PBXBuildFile; fileRef = 8084272D203C615F00FD8028 /* FirebaseNanoPB.framework */; };
		80842761203C616000FD8028 /* FirebaseInstanceID.framework in Frameworks */ = {isa = PBXBuildFile; fileRef = 80842731203C615F00FD8028 /* FirebaseInstanceID.framework */; };
		80842763203C616000FD8028 /* FirebaseCore.framework in Frameworks */ = {isa = PBXBuildFile; fileRef = 80842735203C615F00FD8028 /* FirebaseCore.framework */; };
		80842764203C616000FD8028 /* GTMNSData+zlib.h in Headers */ = {isa = PBXBuildFile; fileRef = 80842738203C615F00FD8028 /* GTMNSData+zlib.h */; settings = {ATTRIBUTES = (Public, ); }; };
		80842765203C616000FD8028 /* GTMNSData+zlib.m in Sources */ = {isa = PBXBuildFile; fileRef = 80842739203C615F00FD8028 /* GTMNSData+zlib.m */; };
		80842766203C616000FD8028 /* GTMDefines.h in Headers */ = {isa = PBXBuildFile; fileRef = 8084273A203C615F00FD8028 /* GTMDefines.h */; settings = {ATTRIBUTES = (Public, ); }; };
		80842769203C616000FD8028 /* GoogleUtilities.framework in Frameworks */ = {isa = PBXBuildFile; fileRef = 80842740203C616000FD8028 /* GoogleUtilities.framework */; };
		8084276A203C616000FD8028 /* libGoogleAnalytics.a in Frameworks */ = {isa = PBXBuildFile; fileRef = 80842743203C616000FD8028 /* libGoogleAnalytics.a */; };
		8084276B203C616000FD8028 /* GAI.h in Headers */ = {isa = PBXBuildFile; fileRef = 80842745203C616000FD8028 /* GAI.h */; settings = {ATTRIBUTES = (Public, ); }; };
		8084276C203C616000FD8028 /* GAIDictionaryBuilder.h in Headers */ = {isa = PBXBuildFile; fileRef = 80842746203C616000FD8028 /* GAIDictionaryBuilder.h */; settings = {ATTRIBUTES = (Public, ); }; };
		8084276D203C616000FD8028 /* GAIEcommerceFields.h in Headers */ = {isa = PBXBuildFile; fileRef = 80842747203C616000FD8028 /* GAIEcommerceFields.h */; settings = {ATTRIBUTES = (Public, ); }; };
		8084276E203C616000FD8028 /* GAIEcommerceProduct.h in Headers */ = {isa = PBXBuildFile; fileRef = 80842748203C616000FD8028 /* GAIEcommerceProduct.h */; settings = {ATTRIBUTES = (Public, ); }; };
		8084276F203C616000FD8028 /* GAIEcommerceProductAction.h in Headers */ = {isa = PBXBuildFile; fileRef = 80842749203C616000FD8028 /* GAIEcommerceProductAction.h */; settings = {ATTRIBUTES = (Public, ); }; };
		80842770203C616000FD8028 /* GAIEcommercePromotion.h in Headers */ = {isa = PBXBuildFile; fileRef = 8084274A203C616000FD8028 /* GAIEcommercePromotion.h */; settings = {ATTRIBUTES = (Public, ); }; };
		80842771203C616000FD8028 /* GAIFields.h in Headers */ = {isa = PBXBuildFile; fileRef = 8084274B203C616000FD8028 /* GAIFields.h */; settings = {ATTRIBUTES = (Public, ); }; };
		80842772203C616000FD8028 /* GAILogger.h in Headers */ = {isa = PBXBuildFile; fileRef = 8084274C203C616000FD8028 /* GAILogger.h */; settings = {ATTRIBUTES = (Public, ); }; };
		80842773203C616000FD8028 /* GAITrackedViewController.h in Headers */ = {isa = PBXBuildFile; fileRef = 8084274D203C616000FD8028 /* GAITrackedViewController.h */; settings = {ATTRIBUTES = (Public, ); }; };
		80842774203C616000FD8028 /* GAITracker.h in Headers */ = {isa = PBXBuildFile; fileRef = 8084274E203C616000FD8028 /* GAITracker.h */; settings = {ATTRIBUTES = (Public, ); }; };
		80842775203C616000FD8028 /* GoogleSymbolUtilities.framework in Frameworks */ = {isa = PBXBuildFile; fileRef = 80842752203C616000FD8028 /* GoogleSymbolUtilities.framework */; };
		80842777203C61AE00FD8028 /* TagManagerResources.bundle in Resources */ = {isa = PBXBuildFile; fileRef = 80842776203C61AE00FD8028 /* TagManagerResources.bundle */; };
/* End PBXBuildFile section */

/* Begin PBXContainerItemProxy section */
		8014B2CA203B2A5700DFE21A /* PBXContainerItemProxy */ = {
			isa = PBXContainerItemProxy;
			containerPortal = 806212072033237800EAFA34 /* Project object */;
			proxyType = 1;
			remoteGlobalIDString = 8062120F2033237800EAFA34;
			remoteInfo = CargoCore;
		};
/* End PBXContainerItemProxy section */

/* Begin PBXFileReference section */
		8014B22F203B119100DFE21A /* AdSupport.framework */ = {isa = PBXFileReference; lastKnownFileType = wrapper.framework; name = AdSupport.framework; path = System/Library/Frameworks/AdSupport.framework; sourceTree = SDKROOT; };
		8014B2CC203B2D0100DFE21A /* GoogleToolboxForMac.framework */ = {isa = PBXFileReference; lastKnownFileType = wrapper.framework; name = GoogleToolboxForMac.framework; path = CargoCore/CargoDependencies/GoogleToolboxForMac.framework; sourceTree = "<group>"; };
		806212102033237800EAFA34 /* CargoCore.framework */ = {isa = PBXFileReference; explicitFileType = wrapper.framework; includeInIndex = 0; path = CargoCore.framework; sourceTree = BUILT_PRODUCTS_DIR; };
		806212132033237800EAFA34 /* CargoCore.h */ = {isa = PBXFileReference; lastKnownFileType = sourcecode.c.h; path = CargoCore.h; sourceTree = "<group>"; };
		806212142033237800EAFA34 /* Info.plist */ = {isa = PBXFileReference; lastKnownFileType = text.plist.xml; path = Info.plist; sourceTree = "<group>"; };
		8062121B2033238F00EAFA34 /* Cargo.swift */ = {isa = PBXFileReference; lastKnownFileType = sourcecode.swift; path = Cargo.swift; sourceTree = "<group>"; };
		8062121D203323A700EAFA34 /* CargoItem.swift */ = {isa = PBXFileReference; lastKnownFileType = sourcecode.swift; path = CargoItem.swift; sourceTree = "<group>"; };
		8062121F203323C500EAFA34 /* CARTagHandler.swift */ = {isa = PBXFileReference; lastKnownFileType = sourcecode.swift; path = CARTagHandler.swift; sourceTree = "<group>"; };
		806212242033240E00EAFA34 /* Tags.m */ = {isa = PBXFileReference; lastKnownFileType = sourcecode.c.objc; path = Tags.m; sourceTree = "<group>"; };
		806212262033242500EAFA34 /* Tags.h */ = {isa = PBXFileReference; lastKnownFileType = sourcecode.c.h; path = Tags.h; sourceTree = "<group>"; };
		806212292033246900EAFA34 /* CARLogger.swift */ = {isa = PBXFileReference; lastKnownFileType = sourcecode.swift; path = CARLogger.swift; sourceTree = "<group>"; };
		8062122B2033248800EAFA34 /* CARConstants.swift */ = {isa = PBXFileReference; lastKnownFileType = sourcecode.swift; path = CARConstants.swift; sourceTree = "<group>"; };
		8067F8F120456BC00037880D /* CargoCore.framework */ = {isa = PBXFileReference; lastKnownFileType = wrapper.framework; path = CargoCore.framework; sourceTree = "<group>"; };
		8084271E203C615F00FD8028 /* GoogleTagManager.framework */ = {isa = PBXFileReference; lastKnownFileType = wrapper.framework; path = GoogleTagManager.framework; sourceTree = "<group>"; };
		80842720203C615F00FD8028 /* LICENSE.txt */ = {isa = PBXFileReference; fileEncoding = 4; lastKnownFileType = text; path = LICENSE.txt; sourceTree = "<group>"; };
		80842721203C615F00FD8028 /* pb.h */ = {isa = PBXFileReference; fileEncoding = 4; lastKnownFileType = sourcecode.c.h; path = pb.h; sourceTree = "<group>"; };
		80842722203C615F00FD8028 /* pb_common.c */ = {isa = PBXFileReference; fileEncoding = 4; lastKnownFileType = sourcecode.c.c; path = pb_common.c; sourceTree = "<group>"; };
		80842723203C615F00FD8028 /* pb_common.h */ = {isa = PBXFileReference; fileEncoding = 4; lastKnownFileType = sourcecode.c.h; path = pb_common.h; sourceTree = "<group>"; };
		80842724203C615F00FD8028 /* pb_decode.c */ = {isa = PBXFileReference; fileEncoding = 4; lastKnownFileType = sourcecode.c.c; path = pb_decode.c; sourceTree = "<group>"; };
		80842725203C615F00FD8028 /* pb_decode.h */ = {isa = PBXFileReference; fileEncoding = 4; lastKnownFileType = sourcecode.c.h; path = pb_decode.h; sourceTree = "<group>"; };
		80842726203C615F00FD8028 /* pb_encode.c */ = {isa = PBXFileReference; fileEncoding = 4; lastKnownFileType = sourcecode.c.c; path = pb_encode.c; sourceTree = "<group>"; };
		80842727203C615F00FD8028 /* pb_encode.h */ = {isa = PBXFileReference; fileEncoding = 4; lastKnownFileType = sourcecode.c.h; path = pb_encode.h; sourceTree = "<group>"; };
		80842728203C615F00FD8028 /* README.md */ = {isa = PBXFileReference; fileEncoding = 4; lastKnownFileType = net.daringfireball.markdown; path = README.md; sourceTree = "<group>"; };
		8084272B203C615F00FD8028 /* FirebaseAnalytics.framework */ = {isa = PBXFileReference; lastKnownFileType = wrapper.framework; path = FirebaseAnalytics.framework; sourceTree = "<group>"; };
		8084272C203C615F00FD8028 /* FirebaseCoreDiagnostics.framework */ = {isa = PBXFileReference; lastKnownFileType = wrapper.framework; path = FirebaseCoreDiagnostics.framework; sourceTree = "<group>"; };
		8084272D203C615F00FD8028 /* FirebaseNanoPB.framework */ = {isa = PBXFileReference; lastKnownFileType = wrapper.framework; path = FirebaseNanoPB.framework; sourceTree = "<group>"; };
		8084272F203C615F00FD8028 /* CHANGELOG.md */ = {isa = PBXFileReference; fileEncoding = 4; lastKnownFileType = net.daringfireball.markdown; path = CHANGELOG.md; sourceTree = "<group>"; };
		80842731203C615F00FD8028 /* FirebaseInstanceID.framework */ = {isa = PBXFileReference; lastKnownFileType = wrapper.framework; path = FirebaseInstanceID.framework; sourceTree = "<group>"; };
		80842732203C615F00FD8028 /* README.md */ = {isa = PBXFileReference; fileEncoding = 4; lastKnownFileType = net.daringfireball.markdown; path = README.md; sourceTree = "<group>"; };
		80842735203C615F00FD8028 /* FirebaseCore.framework */ = {isa = PBXFileReference; lastKnownFileType = wrapper.framework; path = FirebaseCore.framework; sourceTree = "<group>"; };
		80842738203C615F00FD8028 /* GTMNSData+zlib.h */ = {isa = PBXFileReference; fileEncoding = 4; lastKnownFileType = sourcecode.c.h; path = "GTMNSData+zlib.h"; sourceTree = "<group>"; };
		80842739203C615F00FD8028 /* GTMNSData+zlib.m */ = {isa = PBXFileReference; fileEncoding = 4; lastKnownFileType = sourcecode.c.objc; path = "GTMNSData+zlib.m"; sourceTree = "<group>"; };
		8084273A203C615F00FD8028 /* GTMDefines.h */ = {isa = PBXFileReference; fileEncoding = 4; lastKnownFileType = sourcecode.c.h; path = GTMDefines.h; sourceTree = "<group>"; };
		8084273B203C616000FD8028 /* LICENSE */ = {isa = PBXFileReference; fileEncoding = 4; lastKnownFileType = text; path = LICENSE; sourceTree = "<group>"; };
		8084273C203C616000FD8028 /* README.md */ = {isa = PBXFileReference; fileEncoding = 4; lastKnownFileType = net.daringfireball.markdown; path = README.md; sourceTree = "<group>"; };
		80842740203C616000FD8028 /* GoogleUtilities.framework */ = {isa = PBXFileReference; lastKnownFileType = wrapper.framework; path = GoogleUtilities.framework; sourceTree = "<group>"; };
		80842743203C616000FD8028 /* libGoogleAnalytics.a */ = {isa = PBXFileReference; lastKnownFileType = archive.ar; path = libGoogleAnalytics.a; sourceTree = "<group>"; };
		80842745203C616000FD8028 /* GAI.h */ = {isa = PBXFileReference; fileEncoding = 4; lastKnownFileType = sourcecode.c.h; path = GAI.h; sourceTree = "<group>"; };
		80842746203C616000FD8028 /* GAIDictionaryBuilder.h */ = {isa = PBXFileReference; fileEncoding = 4; lastKnownFileType = sourcecode.c.h; path = GAIDictionaryBuilder.h; sourceTree = "<group>"; };
		80842747203C616000FD8028 /* GAIEcommerceFields.h */ = {isa = PBXFileReference; fileEncoding = 4; lastKnownFileType = sourcecode.c.h; path = GAIEcommerceFields.h; sourceTree = "<group>"; };
		80842748203C616000FD8028 /* GAIEcommerceProduct.h */ = {isa = PBXFileReference; fileEncoding = 4; lastKnownFileType = sourcecode.c.h; path = GAIEcommerceProduct.h; sourceTree = "<group>"; };
		80842749203C616000FD8028 /* GAIEcommerceProductAction.h */ = {isa = PBXFileReference; fileEncoding = 4; lastKnownFileType = sourcecode.c.h; path = GAIEcommerceProductAction.h; sourceTree = "<group>"; };
		8084274A203C616000FD8028 /* GAIEcommercePromotion.h */ = {isa = PBXFileReference; fileEncoding = 4; lastKnownFileType = sourcecode.c.h; path = GAIEcommercePromotion.h; sourceTree = "<group>"; };
		8084274B203C616000FD8028 /* GAIFields.h */ = {isa = PBXFileReference; fileEncoding = 4; lastKnownFileType = sourcecode.c.h; path = GAIFields.h; sourceTree = "<group>"; };
		8084274C203C616000FD8028 /* GAILogger.h */ = {isa = PBXFileReference; fileEncoding = 4; lastKnownFileType = sourcecode.c.h; path = GAILogger.h; sourceTree = "<group>"; };
		8084274D203C616000FD8028 /* GAITrackedViewController.h */ = {isa = PBXFileReference; fileEncoding = 4; lastKnownFileType = sourcecode.c.h; path = GAITrackedViewController.h; sourceTree = "<group>"; };
		8084274E203C616000FD8028 /* GAITracker.h */ = {isa = PBXFileReference; fileEncoding = 4; lastKnownFileType = sourcecode.c.h; path = GAITracker.h; sourceTree = "<group>"; };
		80842752203C616000FD8028 /* GoogleSymbolUtilities.framework */ = {isa = PBXFileReference; lastKnownFileType = wrapper.framework; path = GoogleSymbolUtilities.framework; sourceTree = "<group>"; };
		80842776203C61AE00FD8028 /* TagManagerResources.bundle */ = {isa = PBXFileReference; lastKnownFileType = "wrapper.plug-in"; name = TagManagerResources.bundle; path = CargoCore/CargoDependencies/GoogleTagManager/Frameworks/frameworks/GoogleTagManager.framework/Resources/TagManagerResources.bundle; sourceTree = "<group>"; };
/* End PBXFileReference section */

/* Begin PBXFrameworksBuildPhase section */
		8062120C2033237800EAFA34 /* Frameworks */ = {
			isa = PBXFrameworksBuildPhase;
			buildActionMask = 2147483647;
			files = (
				80842769203C616000FD8028 /* GoogleUtilities.framework in Frameworks */,
				8084275D203C616000FD8028 /* FirebaseAnalytics.framework in Frameworks */,
				80842753203C616000FD8028 /* GoogleTagManager.framework in Frameworks */,
				8084275E203C616000FD8028 /* FirebaseCoreDiagnostics.framework in Frameworks */,
				80842775203C616000FD8028 /* GoogleSymbolUtilities.framework in Frameworks */,
				8084275F203C616000FD8028 /* FirebaseNanoPB.framework in Frameworks */,
				80842763203C616000FD8028 /* FirebaseCore.framework in Frameworks */,
				80842761203C616000FD8028 /* FirebaseInstanceID.framework in Frameworks */,
				8014B230203B119100DFE21A /* AdSupport.framework in Frameworks */,
				8014B2CD203B2D0100DFE21A /* GoogleToolboxForMac.framework in Frameworks */,
				8084276A203C616000FD8028 /* libGoogleAnalytics.a in Frameworks */,
			);
			runOnlyForDeploymentPostprocessing = 0;
		};
/* End PBXFrameworksBuildPhase section */

/* Begin PBXGroup section */
		806212062033237800EAFA34 = {
			isa = PBXGroup;
			children = (
				80842776203C61AE00FD8028 /* TagManagerResources.bundle */,
				806212122033237800EAFA34 /* CargoCore */,
				806212112033237800EAFA34 /* Products */,
				80DB397C20333E60008AD1D6 /* Frameworks */,
			);
			sourceTree = "<group>";
		};
		806212112033237800EAFA34 /* Products */ = {
			isa = PBXGroup;
			children = (
				806212102033237800EAFA34 /* CargoCore.framework */,
			);
			name = Products;
			sourceTree = "<group>";
		};
		806212122033237800EAFA34 /* CargoCore */ = {
			isa = PBXGroup;
			children = (
				806212132033237800EAFA34 /* CargoCore.h */,
				8062121B2033238F00EAFA34 /* Cargo.swift */,
				8062121D203323A700EAFA34 /* CargoItem.swift */,
				8062121F203323C500EAFA34 /* CARTagHandler.swift */,
				80621221203323D400EAFA34 /* Constants */,
				80621222203323DC00EAFA34 /* Logger */,
				80621223203323E400EAFA34 /* Tags */,
				806212142033237800EAFA34 /* Info.plist */,
			);
			path = CargoCore;
			sourceTree = "<group>";
		};
		80621221203323D400EAFA34 /* Constants */ = {
			isa = PBXGroup;
			children = (
				8062122B2033248800EAFA34 /* CARConstants.swift */,
			);
			path = Constants;
			sourceTree = "<group>";
		};
		80621222203323DC00EAFA34 /* Logger */ = {
			isa = PBXGroup;
			children = (
				806212292033246900EAFA34 /* CARLogger.swift */,
			);
			path = Logger;
			sourceTree = "<group>";
		};
		80621223203323E400EAFA34 /* Tags */ = {
			isa = PBXGroup;
			children = (
				806212262033242500EAFA34 /* Tags.h */,
				806212242033240E00EAFA34 /* Tags.m */,
			);
			path = Tags;
			sourceTree = "<group>";
		};
		8084271B203C615F00FD8028 /* GoogleTagManager */ = {
			isa = PBXGroup;
			children = (
				8084271C203C615F00FD8028 /* Frameworks */,
			);
			name = GoogleTagManager;
			path = CargoCore/CargoDependencies/GoogleTagManager;
			sourceTree = "<group>";
		};
		8084271C203C615F00FD8028 /* Frameworks */ = {
			isa = PBXGroup;
			children = (
				8084271D203C615F00FD8028 /* frameworks */,
			);
			path = Frameworks;
			sourceTree = "<group>";
		};
		8084271D203C615F00FD8028 /* frameworks */ = {
			isa = PBXGroup;
			children = (
				8084271E203C615F00FD8028 /* GoogleTagManager.framework */,
			);
			path = frameworks;
			sourceTree = "<group>";
		};
		8084271F203C615F00FD8028 /* nanopb */ = {
			isa = PBXGroup;
			children = (
				80842720203C615F00FD8028 /* LICENSE.txt */,
				80842721203C615F00FD8028 /* pb.h */,
				80842722203C615F00FD8028 /* pb_common.c */,
				80842723203C615F00FD8028 /* pb_common.h */,
				80842724203C615F00FD8028 /* pb_decode.c */,
				80842725203C615F00FD8028 /* pb_decode.h */,
				80842726203C615F00FD8028 /* pb_encode.c */,
				80842727203C615F00FD8028 /* pb_encode.h */,
				80842728203C615F00FD8028 /* README.md */,
			);
			name = nanopb;
			path = CargoCore/CargoDependencies/nanopb;
			sourceTree = "<group>";
		};
		80842729203C615F00FD8028 /* FirebaseAnalytics */ = {
			isa = PBXGroup;
			children = (
				8084272A203C615F00FD8028 /* Frameworks */,
			);
			name = FirebaseAnalytics;
			path = CargoCore/CargoDependencies/FirebaseAnalytics;
			sourceTree = "<group>";
		};
		8084272A203C615F00FD8028 /* Frameworks */ = {
			isa = PBXGroup;
			children = (
				8084272B203C615F00FD8028 /* FirebaseAnalytics.framework */,
				8084272C203C615F00FD8028 /* FirebaseCoreDiagnostics.framework */,
				8084272D203C615F00FD8028 /* FirebaseNanoPB.framework */,
			);
			path = Frameworks;
			sourceTree = "<group>";
		};
		8084272E203C615F00FD8028 /* FirebaseInstanceID */ = {
			isa = PBXGroup;
			children = (
				8084272F203C615F00FD8028 /* CHANGELOG.md */,
				80842730203C615F00FD8028 /* Frameworks */,
				80842732203C615F00FD8028 /* README.md */,
			);
			name = FirebaseInstanceID;
			path = CargoCore/CargoDependencies/FirebaseInstanceID;
			sourceTree = "<group>";
		};
		80842730203C615F00FD8028 /* Frameworks */ = {
			isa = PBXGroup;
			children = (
				80842731203C615F00FD8028 /* FirebaseInstanceID.framework */,
			);
			path = Frameworks;
			sourceTree = "<group>";
		};
		80842733203C615F00FD8028 /* FirebaseCore */ = {
			isa = PBXGroup;
			children = (
				80842734203C615F00FD8028 /* Frameworks */,
			);
			name = FirebaseCore;
			path = CargoCore/CargoDependencies/FirebaseCore;
			sourceTree = "<group>";
		};
		80842734203C615F00FD8028 /* Frameworks */ = {
			isa = PBXGroup;
			children = (
				80842735203C615F00FD8028 /* FirebaseCore.framework */,
			);
			path = Frameworks;
			sourceTree = "<group>";
		};
		80842736203C615F00FD8028 /* GoogleToolboxForMac */ = {
			isa = PBXGroup;
			children = (
				80842737203C615F00FD8028 /* Foundation */,
				8084273A203C615F00FD8028 /* GTMDefines.h */,
				8084273B203C616000FD8028 /* LICENSE */,
				8084273C203C616000FD8028 /* README.md */,
			);
			name = GoogleToolboxForMac;
			path = CargoCore/CargoDependencies/GoogleToolboxForMac;
			sourceTree = "<group>";
		};
		80842737203C615F00FD8028 /* Foundation */ = {
			isa = PBXGroup;
			children = (
				80842738203C615F00FD8028 /* GTMNSData+zlib.h */,
				80842739203C615F00FD8028 /* GTMNSData+zlib.m */,
			);
			path = Foundation;
			sourceTree = "<group>";
		};
		8084273D203C616000FD8028 /* GoogleUtilities */ = {
			isa = PBXGroup;
			children = (
				8084273E203C616000FD8028 /* Frameworks */,
			);
			name = GoogleUtilities;
			path = CargoCore/CargoDependencies/GoogleUtilities;
			sourceTree = "<group>";
		};
		8084273E203C616000FD8028 /* Frameworks */ = {
			isa = PBXGroup;
			children = (
				8084273F203C616000FD8028 /* frameworks */,
			);
			path = Frameworks;
			sourceTree = "<group>";
		};
		8084273F203C616000FD8028 /* frameworks */ = {
			isa = PBXGroup;
			children = (
				80842740203C616000FD8028 /* GoogleUtilities.framework */,
			);
			path = frameworks;
			sourceTree = "<group>";
		};
		80842741203C616000FD8028 /* GoogleAnalytics */ = {
			isa = PBXGroup;
			children = (
				80842742203C616000FD8028 /* Libraries */,
				80842744203C616000FD8028 /* Sources */,
			);
			name = GoogleAnalytics;
			path = CargoCore/CargoDependencies/GoogleAnalytics;
			sourceTree = "<group>";
		};
		80842742203C616000FD8028 /* Libraries */ = {
			isa = PBXGroup;
			children = (
				80842743203C616000FD8028 /* libGoogleAnalytics.a */,
			);
			path = Libraries;
			sourceTree = "<group>";
		};
		80842744203C616000FD8028 /* Sources */ = {
			isa = PBXGroup;
			children = (
				80842745203C616000FD8028 /* GAI.h */,
				80842746203C616000FD8028 /* GAIDictionaryBuilder.h */,
				80842747203C616000FD8028 /* GAIEcommerceFields.h */,
				80842748203C616000FD8028 /* GAIEcommerceProduct.h */,
				80842749203C616000FD8028 /* GAIEcommerceProductAction.h */,
				8084274A203C616000FD8028 /* GAIEcommercePromotion.h */,
				8084274B203C616000FD8028 /* GAIFields.h */,
				8084274C203C616000FD8028 /* GAILogger.h */,
				8084274D203C616000FD8028 /* GAITrackedViewController.h */,
				8084274E203C616000FD8028 /* GAITracker.h */,
			);
			path = Sources;
			sourceTree = "<group>";
		};
		8084274F203C616000FD8028 /* GoogleSymbolUtilities */ = {
			isa = PBXGroup;
			children = (
				80842750203C616000FD8028 /* Frameworks */,
			);
			name = GoogleSymbolUtilities;
			path = CargoCore/CargoDependencies/GoogleSymbolUtilities;
			sourceTree = "<group>";
		};
		80842750203C616000FD8028 /* Frameworks */ = {
			isa = PBXGroup;
			children = (
				80842751203C616000FD8028 /* frameworks */,
			);
			path = Frameworks;
			sourceTree = "<group>";
		};
		80842751203C616000FD8028 /* frameworks */ = {
			isa = PBXGroup;
			children = (
				80842752203C616000FD8028 /* GoogleSymbolUtilities.framework */,
			);
			path = frameworks;
			sourceTree = "<group>";
		};
		80DB397C20333E60008AD1D6 /* Frameworks */ = {
			isa = PBXGroup;
			children = (
				8067F8F120456BC00037880D /* CargoCore.framework */,
				80842729203C615F00FD8028 /* FirebaseAnalytics */,
				80842733203C615F00FD8028 /* FirebaseCore */,
				8084272E203C615F00FD8028 /* FirebaseInstanceID */,
				80842741203C616000FD8028 /* GoogleAnalytics */,
				8084274F203C616000FD8028 /* GoogleSymbolUtilities */,
				8084271B203C615F00FD8028 /* GoogleTagManager */,
				80842736203C615F00FD8028 /* GoogleToolboxForMac */,
				8084273D203C616000FD8028 /* GoogleUtilities */,
				8084271F203C615F00FD8028 /* nanopb */,
				8014B2CC203B2D0100DFE21A /* GoogleToolboxForMac.framework */,
				8014B22F203B119100DFE21A /* AdSupport.framework */,
			);
			name = Frameworks;
			sourceTree = "<group>";
		};
/* End PBXGroup section */

/* Begin PBXHeadersBuildPhase section */
		8062120D2033237800EAFA34 /* Headers */ = {
			isa = PBXHeadersBuildPhase;
			buildActionMask = 2147483647;
			files = (
				80842766203C616000FD8028 /* GTMDefines.h in Headers */,
				80842773203C616000FD8028 /* GAITrackedViewController.h in Headers */,
				8084276E203C616000FD8028 /* GAIEcommerceProduct.h in Headers */,
				80842772203C616000FD8028 /* GAILogger.h in Headers */,
				8084276F203C616000FD8028 /* GAIEcommerceProductAction.h in Headers */,
				80842774203C616000FD8028 /* GAITracker.h in Headers */,
				8084275B203C616000FD8028 /* pb_encode.h in Headers */,
				80842770203C616000FD8028 /* GAIEcommercePromotion.h in Headers */,
				8084276B203C616000FD8028 /* GAI.h in Headers */,
				80842755203C616000FD8028 /* pb.h in Headers */,
				80842759203C616000FD8028 /* pb_decode.h in Headers */,
				80842764203C616000FD8028 /* GTMNSData+zlib.h in Headers */,
				8084276D203C616000FD8028 /* GAIEcommerceFields.h in Headers */,
				8084276C203C616000FD8028 /* GAIDictionaryBuilder.h in Headers */,
				80842771203C616000FD8028 /* GAIFields.h in Headers */,
				80842757203C616000FD8028 /* pb_common.h in Headers */,
				80621292203327BC00EAFA34 /* Tags.h in Headers */,
				806212152033237800EAFA34 /* CargoCore.h in Headers */,
			);
			runOnlyForDeploymentPostprocessing = 0;
		};
/* End PBXHeadersBuildPhase section */

/* Begin PBXNativeTarget section */
		8062120F2033237800EAFA34 /* CargoCore */ = {
			isa = PBXNativeTarget;
			buildConfigurationList = 806212182033237800EAFA34 /* Build configuration list for PBXNativeTarget "CargoCore" */;
			buildPhases = (
				8062120B2033237800EAFA34 /* Sources */,
				8062120C2033237800EAFA34 /* Frameworks */,
				8062120D2033237800EAFA34 /* Headers */,
				8062120E2033237800EAFA34 /* Resources */,
			);
			buildRules = (
			);
			dependencies = (
			);
			name = CargoCore;
			productName = CargoCore;
			productReference = 806212102033237800EAFA34 /* CargoCore.framework */;
			productType = "com.apple.product-type.framework";
		};
/* End PBXNativeTarget section */

/* Begin PBXProject section */
		806212072033237800EAFA34 /* Project object */ = {
			isa = PBXProject;
			attributes = {
				LastUpgradeCheck = 0920;
				ORGANIZATIONNAME = "com.fifty-five";
				TargetAttributes = {
					8062120F2033237800EAFA34 = {
						CreatedOnToolsVersion = 9.2;
						LastSwiftMigration = 0920;
						ProvisioningStyle = Automatic;
					};
					80B066742035D7BE00D5F49C = {
						CreatedOnToolsVersion = 9.2;
						ProvisioningStyle = Automatic;
					};
				};
			};
			buildConfigurationList = 8062120A2033237800EAFA34 /* Build configuration list for PBXProject "CargoCore" */;
			compatibilityVersion = "Xcode 8.0";
			developmentRegion = en;
			hasScannedForEncodings = 0;
			knownRegions = (
				en,
			);
			mainGroup = 806212062033237800EAFA34;
			productRefGroup = 806212112033237800EAFA34 /* Products */;
			projectDirPath = "";
			projectRoot = "";
			targets = (
				8062120F2033237800EAFA34 /* CargoCore */,
				80B066742035D7BE00D5F49C /* Aggregate */,
			);
		};
/* End PBXProject section */

/* Begin PBXResourcesBuildPhase section */
		8062120E2033237800EAFA34 /* Resources */ = {
			isa = PBXResourcesBuildPhase;
			buildActionMask = 2147483647;
			files = (
				80842777203C61AE00FD8028 /* TagManagerResources.bundle in Resources */,
			);
			runOnlyForDeploymentPostprocessing = 0;
		};
/* End PBXResourcesBuildPhase section */

/* Begin PBXShellScriptBuildPhase section */
		80B066772035D94E00D5F49C /* ShellScript */ = {
			isa = PBXShellScriptBuildPhase;
			buildActionMask = 2147483647;
			files = (
			);
			inputPaths = (
			);
			outputPaths = (
			);
			runOnlyForDeploymentPostprocessing = 0;
			shellPath = /bin/sh;
			shellScript = "# Merge Script\n\n# 1\n# Set bash script to exit immediately if any commands fail.\nset -e\n\n# 2\n# Setup some constants for use later on.\nFRAMEWORK_NAME=\"CargoCore\"\n\n# 3\n# If remnants from a previous build exist, delete them.\nif [ -d \"${SRCROOT}/build\" ]; then\nrm -rf \"${SRCROOT}/build\"\nfi\n\n# 4\n# Build the framework for device and for simulator (using\n# all needed architectures).\nxcodebuild -target \"${FRAMEWORK_NAME}\" -configuration Release -arch arm64 -arch armv7 -arch armv7s only_active_arch=no defines_module=yes -sdk \"iphoneos\"\nxcodebuild -target \"${FRAMEWORK_NAME}\" -configuration Release -arch x86_64 -arch i386 only_active_arch=no defines_module=yes -sdk \"iphonesimulator\"\n\n# 5\n# Remove .framework file if exists from previous run.\nif [ -d \"${PROJECT_DIR}/${FRAMEWORK_NAME}.framework\" ]; then\nrm -rf \"${PROJECT_DIR}/${FRAMEWORK_NAME}.framework\"\nfi\n\n# 6\n# Copy the device version of framework to Framework directory.\ncp -r \"${SRCROOT}/build/Release-iphoneos/${FRAMEWORK_NAME}.framework\" \"${PROJECT_DIR}/${FRAMEWORK_NAME}.framework\"\n\n# 7\n# Replace the framework executable within the framework with\n# a new version created by merging the device and simulator\n# frameworks' executables with lipo.\nlipo -create -output \"${PROJECT_DIR}/${FRAMEWORK_NAME}.framework/${FRAMEWORK_NAME}\" \"${SRCROOT}/build/Release-iphoneos/${FRAMEWORK_NAME}.framework/${FRAMEWORK_NAME}\" \"${SRCROOT}/build/Release-iphonesimulator/${FRAMEWORK_NAME}.framework/${FRAMEWORK_NAME}\"\n\n# 8\n# Copy the Swift module mappings for the simulator into the\n# framework.  The device mappings already exist from step 6.\ncp -r \"${SRCROOT}/build/Release-iphonesimulator/${FRAMEWORK_NAME}.framework/Modules/${FRAMEWORK_NAME}.swiftmodule/\" \"${PROJECT_DIR}/${FRAMEWORK_NAME}.framework/Modules/${FRAMEWORK_NAME}.swiftmodule\"\n\n# 9\n# Delete the most recent build.\nif [ -d \"${SRCROOT}/build\" ]; then\nrm -rf \"${SRCROOT}/build\"\nfi\n\n# 10\n# Remove .zip file if exists from previous run.\nif [ -d \"${PROJECT_DIR}/${FRAMEWORK_NAME}.zip\" ]; then\nrm -rf \"${PROJECT_DIR}/${FRAMEWORK_NAME}.zip\"\nfi\n\n# 11\n# Zip the Framework and License all together.\nzip -r \"${PROJECT_DIR}/${FRAMEWORK_NAME}.zip\" \"${PROJECT_DIR}/LICENSE\" \"${PROJECT_DIR}/${FRAMEWORK_NAME}.framework\"";
		};
/* End PBXShellScriptBuildPhase section */

/* Begin PBXSourcesBuildPhase section */
		8062120B2033237800EAFA34 /* Sources */ = {
			isa = PBXSourcesBuildPhase;
			buildActionMask = 2147483647;
			files = (
				806212252033240E00EAFA34 /* Tags.m in Sources */,
				80842758203C616000FD8028 /* pb_decode.c in Sources */,
				80842765203C616000FD8028 /* GTMNSData+zlib.m in Sources */,
				8062122A2033246900EAFA34 /* CARLogger.swift in Sources */,
				8084275A203C616000FD8028 /* pb_encode.c in Sources */,
				80842756203C616000FD8028 /* pb_common.c in Sources */,
				80621220203323C500EAFA34 /* CARTagHandler.swift in Sources */,
				8062121C2033238F00EAFA34 /* Cargo.swift in Sources */,
				8062121E203323A700EAFA34 /* CargoItem.swift in Sources */,
				8062122C2033248800EAFA34 /* CARConstants.swift in Sources */,
			);
			runOnlyForDeploymentPostprocessing = 0;
		};
/* End PBXSourcesBuildPhase section */

/* Begin PBXTargetDependency section */
		8014B2CB203B2A5700DFE21A /* PBXTargetDependency */ = {
			isa = PBXTargetDependency;
			target = 8062120F2033237800EAFA34 /* CargoCore */;
			targetProxy = 8014B2CA203B2A5700DFE21A /* PBXContainerItemProxy */;
		};
/* End PBXTargetDependency section */

/* Begin XCBuildConfiguration section */
		806212172033237800EAFA34 /* Release */ = {
			isa = XCBuildConfiguration;
			buildSettings = {
				ALWAYS_SEARCH_USER_PATHS = NO;
				CLANG_ANALYZER_NONNULL = YES;
				CLANG_ANALYZER_NUMBER_OBJECT_CONVERSION = YES_AGGRESSIVE;
				CLANG_CXX_LANGUAGE_STANDARD = "gnu++14";
				CLANG_CXX_LIBRARY = "libc++";
				CLANG_ENABLE_MODULES = YES;
				CLANG_ENABLE_OBJC_ARC = YES;
				CLANG_WARN_BLOCK_CAPTURE_AUTORELEASING = YES;
				CLANG_WARN_BOOL_CONVERSION = YES;
				CLANG_WARN_COMMA = YES;
				CLANG_WARN_CONSTANT_CONVERSION = YES;
				CLANG_WARN_DIRECT_OBJC_ISA_USAGE = YES_ERROR;
				CLANG_WARN_DOCUMENTATION_COMMENTS = YES;
				CLANG_WARN_EMPTY_BODY = YES;
				CLANG_WARN_ENUM_CONVERSION = YES;
				CLANG_WARN_INFINITE_RECURSION = YES;
				CLANG_WARN_INT_CONVERSION = YES;
				CLANG_WARN_NON_LITERAL_NULL_CONVERSION = YES;
				CLANG_WARN_OBJC_LITERAL_CONVERSION = YES;
				CLANG_WARN_OBJC_ROOT_CLASS = YES_ERROR;
				CLANG_WARN_RANGE_LOOP_ANALYSIS = YES;
				CLANG_WARN_STRICT_PROTOTYPES = YES;
				CLANG_WARN_SUSPICIOUS_MOVE = YES;
				CLANG_WARN_UNGUARDED_AVAILABILITY = YES_AGGRESSIVE;
				CLANG_WARN_UNREACHABLE_CODE = YES;
				CLANG_WARN__DUPLICATE_METHOD_MATCH = YES;
				CODE_SIGN_IDENTITY = "iPhone Developer";
				COPY_PHASE_STRIP = NO;
				CURRENT_PROJECT_VERSION = 1;
				DEBUG_INFORMATION_FORMAT = "dwarf-with-dsym";
				ENABLE_NS_ASSERTIONS = NO;
				ENABLE_STRICT_OBJC_MSGSEND = YES;
				GCC_C_LANGUAGE_STANDARD = gnu11;
				GCC_NO_COMMON_BLOCKS = YES;
				GCC_PREPROCESSOR_DEFINITIONS = (
					"PB_NO_PACKED_STRUCTS=1",
					"PB_FIELD_32BIT=1",
				);
				GCC_WARN_64_TO_32_BIT_CONVERSION = YES;
				GCC_WARN_ABOUT_RETURN_TYPE = YES_ERROR;
				GCC_WARN_UNDECLARED_SELECTOR = YES;
				GCC_WARN_UNINITIALIZED_AUTOS = YES_AGGRESSIVE;
				GCC_WARN_UNUSED_FUNCTION = YES;
				GCC_WARN_UNUSED_VARIABLE = YES;
				IPHONEOS_DEPLOYMENT_TARGET = 8.0;
				MTL_ENABLE_DEBUG_INFO = NO;
				OTHER_CFLAGS = "";
				SDKROOT = iphoneos;
				SWIFT_OPTIMIZATION_LEVEL = "-Owholemodule";
				VALIDATE_PRODUCT = YES;
				VALID_ARCHS = "arm64 armv7 i386 x86_64";
				VERSIONING_SYSTEM = "apple-generic";
				VERSION_INFO_PREFIX = "";
			};
			name = Release;
		};
		8062121A2033237800EAFA34 /* Release */ = {
			isa = XCBuildConfiguration;
			buildSettings = {
				CLANG_ALLOW_NON_MODULAR_INCLUDES_IN_FRAMEWORK_MODULES = "$(inherited)";
				CLANG_ENABLE_MODULES = YES;
				CODE_SIGN_IDENTITY = "";
				CODE_SIGN_STYLE = Automatic;
				DEFINES_MODULE = YES;
				DEVELOPMENT_TEAM = 79FS8B67FE;
				DYLIB_COMPATIBILITY_VERSION = 1;
				DYLIB_CURRENT_VERSION = 1;
				DYLIB_INSTALL_NAME_BASE = "@rpath";
				FRAMEWORK_SEARCH_PATHS = (
					"$(inherited)",
					"$(PROJECT_DIR)/CargoCore/CargoDependencies/**",
					"$(PROJECT_DIR)/CargoCore/CargoDependencies/FirebaseAnalytics/Frameworks",
					"$(PROJECT_DIR)/CargoCore/CargoDependencies/FirebaseInstanceID/Frameworks",
					"$(PROJECT_DIR)/CargoCore/CargoDependencies/GoogleSymbolUtilities/Frameworks/frameworks",
					"$(PROJECT_DIR)/CargoCore/CargoDependencies/GoogleTagManager/Frameworks/frameworks",
					"$(PROJECT_DIR)/CargoCore/CargoDependencies/FirebaseCore/Frameworks",
					"$(PROJECT_DIR)/CargoCore/CargoDependencies/GoogleUtilities/Frameworks/frameworks",
					"$(PROJECT_DIR)/CargoCore/CargoDependencies/GoogleTagManager/Frameworks/frameworks",
				);
				GCC_PREPROCESSOR_DEFINITIONS = "$(inherited)";
				HEADER_SEARCH_PATHS = "$(PROJECT_DIR)/CargoCore/CargoDependencies/**";
				INFOPLIST_FILE = CargoCore/Info.plist;
				INSTALL_PATH = "$(LOCAL_LIBRARY_DIR)/Frameworks";
				IPHONEOS_DEPLOYMENT_TARGET = 8.0;
				LD_RUNPATH_SEARCH_PATHS = "$(inherited) @executable_path/Frameworks @loader_path/Frameworks";
				LIBRARY_SEARCH_PATHS = (
					"$(inherited)",
					"$(PROJECT_DIR)/CargoCore/CargoDependencies/GoogleAnalytics/Libraries",
				);
				ONLY_ACTIVE_ARCH = "$(inherited)";
				OTHER_CFLAGS = "";
				OTHER_LDFLAGS = (
					"$(inherited)",
					"-ObjC",
					"-l\"GoogleAnalytics\"",
					"-l\"c++\"",
					"-l\"sqlite3\"",
					"-l\"z\"",
					"-framework",
					"\"AdSupport\"",
					"-framework",
					"\"CoreTelephony\"",
					"-framework",
					"\"FirebaseAnalytics\"",
					"-framework",
					"\"FirebaseCore\"",
					"-framework",
					"\"FirebaseInstanceID\"",
					"-framework",
					"\"GoogleSymbolUtilities\"",
					"-framework",
					"\"GoogleTagManager\"",
					"-framework",
					"\"GoogleToolboxForMac\"",
					"-framework",
					"\"GoogleUtilities\"",
					"-framework",
					"\"JavaScriptCore\"",
					"-framework",
					"\"SystemConfiguration\"",
					"-framework",
					"\"StoreKit\"",
					"-framework",
					"\"AddressBook\"",
					"-framework",
					"\"CoreData\"",
				);
				PRODUCT_BUNDLE_IDENTIFIER = "com.fifty-five.CargoCore";
				PRODUCT_NAME = "$(TARGET_NAME:c99extidentifier)";
				SKIP_INSTALL = YES;
				SWIFT_VERSION = 4.0;
				TARGETED_DEVICE_FAMILY = "1,2";
				VALID_ARCHS = "$(inherited)";
			};
			name = Release;
		};
		80B066762035D7BE00D5F49C /* Release */ = {
			isa = XCBuildConfiguration;
			buildSettings = {
				CLANG_ALLOW_NON_MODULAR_INCLUDES_IN_FRAMEWORK_MODULES = "$(inherited)";
				CODE_SIGN_STYLE = Automatic;
				DEVELOPMENT_TEAM = 79FS8B67FE;
				GCC_PREPROCESSOR_DEFINITIONS = "$(inherited)";
				ONLY_ACTIVE_ARCH = "$(inherited)";
				PRODUCT_NAME = "$(TARGET_NAME)";
				VALID_ARCHS = "$(inherited)";
			};
			name = Release;
		};
/* End XCBuildConfiguration section */

/* Begin XCConfigurationList section */
		8062120A2033237800EAFA34 /* Build configuration list for PBXProject "CargoCore" */ = {
			isa = XCConfigurationList;
			buildConfigurations = (
				806212172033237800EAFA34 /* Release */,
			);
			defaultConfigurationIsVisible = 0;
			defaultConfigurationName = Release;
		};
		806212182033237800EAFA34 /* Build configuration list for PBXNativeTarget "CargoCore" */ = {
			isa = XCConfigurationList;
			buildConfigurations = (
				8062121A2033237800EAFA34 /* Release */,
			);
			defaultConfigurationIsVisible = 0;
			defaultConfigurationName = Release;
		};
		80B066752035D7BE00D5F49C /* Build configuration list for PBXAggregateTarget "Aggregate" */ = {
			isa = XCConfigurationList;
			buildConfigurations = (
				80B066762035D7BE00D5F49C /* Release */,
			);
			defaultConfigurationIsVisible = 0;
			defaultConfigurationName = Release;
		};
/* End XCConfigurationList section */
	};
	rootObject = 806212072033237800EAFA34 /* Project object */;
}
