// !$*UTF8*$!
{
	archiveVersion = 1;
	classes = {
	};
	objectVersion = 48;
	objects = {

/* Begin PBXAggregateTarget section */
		80FB0BBE2049586800B76E9C /* Aggregate */ = {
			isa = PBXAggregateTarget;
			buildConfigurationList = 80FB0BBF2049586800B76E9C /* Build configuration list for PBXAggregateTarget "Aggregate" */;
			buildPhases = (
				80D458E9204D5DBB006962F7 /* ShellScript */,
			);
			dependencies = (
			);
			name = Aggregate;
			productName = Aggregate;
		};
/* End PBXAggregateTarget section */

/* Begin PBXBuildFile section */
		80766E40204DA68F007C351C /* Tracker.framework in Frameworks */ = {isa = PBXBuildFile; fileRef = 80766E3E204DA68E007C351C /* Tracker.framework */; };
		80766E41204DA68F007C351C /* CargoCore.framework in Frameworks */ = {isa = PBXBuildFile; fileRef = 80766E3F204DA68F007C351C /* CargoCore.framework */; };
		80FB0BB82049585300B76E9C /* ATInternetHandler.h in Headers */ = {isa = PBXBuildFile; fileRef = 80FB0BB62049585300B76E9C /* ATInternetHandler.h */; settings = {ATTRIBUTES = (Public, ); }; };
		80FB0C662049BCFB00B76E9C /* ATInternetHandler.swift in Sources */ = {isa = PBXBuildFile; fileRef = 80FB0C652049BCFB00B76E9C /* ATInternetHandler.swift */; };
/* End PBXBuildFile section */

/* Begin PBXFileReference section */
		80766E3E204DA68E007C351C /* Tracker.framework */ = {isa = PBXFileReference; lastKnownFileType = wrapper.framework; path = Tracker.framework; sourceTree = "<group>"; };
		80766E3F204DA68F007C351C /* CargoCore.framework */ = {isa = PBXFileReference; lastKnownFileType = wrapper.framework; path = CargoCore.framework; sourceTree = "<group>"; };
		80FB0BB32049585300B76E9C /* ATInternetHandler.framework */ = {isa = PBXFileReference; explicitFileType = wrapper.framework; includeInIndex = 0; path = ATInternetHandler.framework; sourceTree = BUILT_PRODUCTS_DIR; };
		80FB0BB62049585300B76E9C /* ATInternetHandler.h */ = {isa = PBXFileReference; lastKnownFileType = sourcecode.c.h; path = ATInternetHandler.h; sourceTree = "<group>"; };
		80FB0BB72049585300B76E9C /* Info.plist */ = {isa = PBXFileReference; lastKnownFileType = text.plist.xml; path = Info.plist; sourceTree = "<group>"; };
		80FB0C652049BCFB00B76E9C /* ATInternetHandler.swift */ = {isa = PBXFileReference; fileEncoding = 4; lastKnownFileType = sourcecode.swift; path = ATInternetHandler.swift; sourceTree = "<group>"; };
/* End PBXFileReference section */

/* Begin PBXFrameworksBuildPhase section */
		80FB0BAF2049585300B76E9C /* Frameworks */ = {
			isa = PBXFrameworksBuildPhase;
			buildActionMask = 2147483647;
			files = (
				80766E41204DA68F007C351C /* CargoCore.framework in Frameworks */,
				80766E40204DA68F007C351C /* Tracker.framework in Frameworks */,
			);
			runOnlyForDeploymentPostprocessing = 0;
		};
/* End PBXFrameworksBuildPhase section */

/* Begin PBXGroup section */
		80766E3D204DA651007C351C /* Frameworks */ = {
			isa = PBXGroup;
			children = (
				80766E3F204DA68F007C351C /* CargoCore.framework */,
				80766E3E204DA68E007C351C /* Tracker.framework */,
			);
			path = Frameworks;
			sourceTree = "<group>";
		};
		80FB0BA92049585300B76E9C = {
			isa = PBXGroup;
			children = (
				80FB0BB52049585300B76E9C /* ATInternetHandler */,
				80FB0BB42049585300B76E9C /* Products */,
				80766E3D204DA651007C351C /* Frameworks */,
			);
			sourceTree = "<group>";
		};
		80FB0BB42049585300B76E9C /* Products */ = {
			isa = PBXGroup;
			children = (
				80FB0BB32049585300B76E9C /* ATInternetHandler.framework */,
			);
			name = Products;
			sourceTree = "<group>";
		};
		80FB0BB52049585300B76E9C /* ATInternetHandler */ = {
			isa = PBXGroup;
			children = (
				80FB0BB62049585300B76E9C /* ATInternetHandler.h */,
				80FB0C652049BCFB00B76E9C /* ATInternetHandler.swift */,
				80FB0BB72049585300B76E9C /* Info.plist */,
			);
			path = ATInternetHandler;
			sourceTree = "<group>";
		};
/* End PBXGroup section */

/* Begin PBXHeadersBuildPhase section */
		80FB0BB02049585300B76E9C /* Headers */ = {
			isa = PBXHeadersBuildPhase;
			buildActionMask = 2147483647;
			files = (
				80FB0BB82049585300B76E9C /* ATInternetHandler.h in Headers */,
			);
			runOnlyForDeploymentPostprocessing = 0;
		};
/* End PBXHeadersBuildPhase section */

/* Begin PBXNativeTarget section */
		80FB0BB22049585300B76E9C /* ATInternetHandler */ = {
			isa = PBXNativeTarget;
			buildConfigurationList = 80FB0BBB2049585300B76E9C /* Build configuration list for PBXNativeTarget "ATInternetHandler" */;
			buildPhases = (
				80FB0BAE2049585300B76E9C /* Sources */,
				80FB0BAF2049585300B76E9C /* Frameworks */,
				80FB0BB02049585300B76E9C /* Headers */,
				80FB0BB12049585300B76E9C /* Resources */,
				80766E38204D9991007C351C /* ShellScript */,
			);
			buildRules = (
			);
			dependencies = (
			);
			name = ATInternetHandler;
			productName = ATInternetHandler;
			productReference = 80FB0BB32049585300B76E9C /* ATInternetHandler.framework */;
			productType = "com.apple.product-type.framework";
		};
/* End PBXNativeTarget section */

/* Begin PBXProject section */
		80FB0BAA2049585300B76E9C /* Project object */ = {
			isa = PBXProject;
			attributes = {
				LastUpgradeCheck = 0920;
				ORGANIZATIONNAME = "com.fifty-five";
				TargetAttributes = {
					80FB0BB22049585300B76E9C = {
						CreatedOnToolsVersion = 9.2;
						ProvisioningStyle = Automatic;
					};
					80FB0BBE2049586800B76E9C = {
						CreatedOnToolsVersion = 9.2;
						ProvisioningStyle = Automatic;
					};
				};
			};
			buildConfigurationList = 80FB0BAD2049585300B76E9C /* Build configuration list for PBXProject "ATInternetHandler" */;
			compatibilityVersion = "Xcode 8.0";
			developmentRegion = en;
			hasScannedForEncodings = 0;
			knownRegions = (
				en,
			);
			mainGroup = 80FB0BA92049585300B76E9C;
			productRefGroup = 80FB0BB42049585300B76E9C /* Products */;
			projectDirPath = "";
			projectRoot = "";
			targets = (
				80FB0BB22049585300B76E9C /* ATInternetHandler */,
				80FB0BBE2049586800B76E9C /* Aggregate */,
			);
		};
/* End PBXProject section */

/* Begin PBXResourcesBuildPhase section */
		80FB0BB12049585300B76E9C /* Resources */ = {
			isa = PBXResourcesBuildPhase;
			buildActionMask = 2147483647;
			files = (
			);
			runOnlyForDeploymentPostprocessing = 0;
		};
/* End PBXResourcesBuildPhase section */

/* Begin PBXShellScriptBuildPhase section */
		80766E38204D9991007C351C /* ShellScript */ = {
			isa = PBXShellScriptBuildPhase;
			buildActionMask = 2147483647;
			files = (
			);
			inputPaths = (
			);
			outputPaths = (
			);
			runOnlyForDeploymentPostprocessing = 0;
			shellPath = /bin/sh;
			shellScript = "echo \"Target architectures: $ARCHS\"\n\nAPP_PATH=\"${TARGET_BUILD_DIR}/${WRAPPER_NAME}\"\n\nfind \"$APP_PATH\" -name '*.framework' -type d | while read -r FRAMEWORK\ndo\nFRAMEWORK_EXECUTABLE_NAME=$(defaults read \"$FRAMEWORK/Info.plist\" CFBundleExecutable)\nFRAMEWORK_EXECUTABLE_PATH=\"$FRAMEWORK/$FRAMEWORK_EXECUTABLE_NAME\"\necho \"Executable is $FRAMEWORK_EXECUTABLE_PATH\"\necho $(lipo -info \"$FRAMEWORK_EXECUTABLE_PATH\")\n\nFRAMEWORK_TMP_PATH=\"$FRAMEWORK_EXECUTABLE_PATH-tmp\"\n\n# remove simulator's archs if location is not simulator's directory\ncase \"${TARGET_BUILD_DIR}\" in\n*\"iphonesimulator\")\necho \"No need to remove archs\"\n;;\n*)\nif $(lipo \"$FRAMEWORK_EXECUTABLE_PATH\" -verify_arch \"i386\") ; then\nlipo -output \"$FRAMEWORK_TMP_PATH\" -remove \"i386\" \"$FRAMEWORK_EXECUTABLE_PATH\"\necho \"i386 architecture removed\"\nrm \"$FRAMEWORK_EXECUTABLE_PATH\"\nmv \"$FRAMEWORK_TMP_PATH\" \"$FRAMEWORK_EXECUTABLE_PATH\"\nfi\nif $(lipo \"$FRAMEWORK_EXECUTABLE_PATH\" -verify_arch \"x86_64\") ; then\nlipo -output \"$FRAMEWORK_TMP_PATH\" -remove \"x86_64\" \"$FRAMEWORK_EXECUTABLE_PATH\"\necho \"x86_64 architecture removed\"\nrm \"$FRAMEWORK_EXECUTABLE_PATH\"\nmv \"$FRAMEWORK_TMP_PATH\" \"$FRAMEWORK_EXECUTABLE_PATH\"\nfi\n;;\nesac\n\necho \"Completed for executable $FRAMEWORK_EXECUTABLE_PATH\"\necho $(lipo -info \"$FRAMEWORK_EXECUTABLE_PATH\")\n\ndone";
		};
		80D458E9204D5DBB006962F7 /* ShellScript */ = {
			isa = PBXShellScriptBuildPhase;
			buildActionMask = 2147483647;
			files = (
			);
			inputPaths = (
			);
			outputPaths = (
			);
			runOnlyForDeploymentPostprocessing = 0;
			shellPath = /bin/sh;
			shellScript = "# Merge Script\n\n# 1\n# Set bash script to exit immediately if any commands fail.\nset -e\n\n# 2\n# Setup some constants for use later on.\nFRAMEWORK_NAME=\"ATInternetHandler\"\n\n# 3\n# If remnants from a previous build exist, delete them.\nif [ -d \"${SRCROOT}/build\" ]; then\nrm -rf \"${SRCROOT}/build\"\nfi\n\n# 4\n# Build the framework for device and for simulator (using\n# all needed architectures).\nxcodebuild -target \"${FRAMEWORK_NAME}\" -configuration Release -arch arm64 -arch armv7 -arch armv7s only_active_arch=no defines_module=yes -sdk \"iphoneos\"\nxcodebuild -target \"${FRAMEWORK_NAME}\" -configuration Release -arch x86_64 -arch i386 only_active_arch=no defines_module=yes -sdk \"iphonesimulator\"\n\n# 5\n# Remove .framework file if exists from previous run.\nif [ -d \"${PROJECT_DIR}/${FRAMEWORK_NAME}.framework\" ]; then\nrm -rf \"${PROJECT_DIR}/${FRAMEWORK_NAME}.framework\"\nfi\n\n# 6\n# Copy the device version of framework to Framework directory.\ncp -r \"${SRCROOT}/build/Release-iphoneos/${FRAMEWORK_NAME}.framework\" \"${PROJECT_DIR}/${FRAMEWORK_NAME}.framework\"\n\n# 7\n# Replace the framework executable within the framework with\n# a new version created by merging the device and simulator\n# frameworks' executables with lipo.\nlipo -create -output \"${PROJECT_DIR}/${FRAMEWORK_NAME}.framework/${FRAMEWORK_NAME}\" \"${SRCROOT}/build/Release-iphoneos/${FRAMEWORK_NAME}.framework/${FRAMEWORK_NAME}\" \"${SRCROOT}/build/Release-iphonesimulator/${FRAMEWORK_NAME}.framework/${FRAMEWORK_NAME}\"\n\n# 8\n# Copy the Swift module mappings for the simulator into the\n# framework.  The device mappings already exist from step 6.\ncp -r \"${SRCROOT}/build/Release-iphonesimulator/${FRAMEWORK_NAME}.framework/Modules/${FRAMEWORK_NAME}.swiftmodule/\" \"${PROJECT_DIR}/${FRAMEWORK_NAME}.framework/Modules/${FRAMEWORK_NAME}.swiftmodule\"\n\n# 9\n# Delete the most recent build.\nif [ -d \"${SRCROOT}/build\" ]; then\nrm -rf \"${SRCROOT}/build\"\nfi\n\n# 10\n# Remove .zip file if exists from previous run.\nif [ -d \"${PROJECT_DIR}/${FRAMEWORK_NAME}.zip\" ]; then\nrm -rf \"${PROJECT_DIR}/${FRAMEWORK_NAME}.zip\"\nfi\n\n# 11\n# Zip the Framework and License all together.\nzip -r \"${PROJECT_DIR}/${FRAMEWORK_NAME}.zip\" \"${PROJECT_DIR}/LICENSE\" \"${PROJECT_DIR}/${FRAMEWORK_NAME}.framework\"";
		};
/* End PBXShellScriptBuildPhase section */

/* Begin PBXSourcesBuildPhase section */
		80FB0BAE2049585300B76E9C /* Sources */ = {
			isa = PBXSourcesBuildPhase;
			buildActionMask = 2147483647;
			files = (
				80FB0C662049BCFB00B76E9C /* ATInternetHandler.swift in Sources */,
			);
			runOnlyForDeploymentPostprocessing = 0;
		};
/* End PBXSourcesBuildPhase section */

/* Begin XCBuildConfiguration section */
		80FB0BBA2049585300B76E9C /* Release */ = {
			isa = XCBuildConfiguration;
			buildSettings = {
				ALWAYS_SEARCH_USER_PATHS = NO;
				CLANG_ANALYZER_NONNULL = YES;
				CLANG_ANALYZER_NUMBER_OBJECT_CONVERSION = YES_AGGRESSIVE;
				CLANG_CXX_LANGUAGE_STANDARD = "gnu++14";
				CLANG_CXX_LIBRARY = "libc++";
				CLANG_ENABLE_MODULES = YES;
				CLANG_ENABLE_OBJC_ARC = YES;
				CLANG_WARN_BLOCK_CAPTURE_AUTORELEASING = YES;
				CLANG_WARN_BOOL_CONVERSION = YES;
				CLANG_WARN_COMMA = YES;
				CLANG_WARN_CONSTANT_CONVERSION = YES;
				CLANG_WARN_DIRECT_OBJC_ISA_USAGE = YES_ERROR;
				CLANG_WARN_DOCUMENTATION_COMMENTS = YES;
				CLANG_WARN_EMPTY_BODY = YES;
				CLANG_WARN_ENUM_CONVERSION = YES;
				CLANG_WARN_INFINITE_RECURSION = YES;
				CLANG_WARN_INT_CONVERSION = YES;
				CLANG_WARN_NON_LITERAL_NULL_CONVERSION = YES;
				CLANG_WARN_OBJC_LITERAL_CONVERSION = YES;
				CLANG_WARN_OBJC_ROOT_CLASS = YES_ERROR;
				CLANG_WARN_RANGE_LOOP_ANALYSIS = YES;
				CLANG_WARN_STRICT_PROTOTYPES = YES;
				CLANG_WARN_SUSPICIOUS_MOVE = YES;
				CLANG_WARN_UNGUARDED_AVAILABILITY = YES_AGGRESSIVE;
				CLANG_WARN_UNREACHABLE_CODE = YES;
				CLANG_WARN__DUPLICATE_METHOD_MATCH = YES;
				CODE_SIGN_IDENTITY = "iPhone Developer";
				COPY_PHASE_STRIP = NO;
				CURRENT_PROJECT_VERSION = 1;
				DEBUG_INFORMATION_FORMAT = "dwarf-with-dsym";
				ENABLE_NS_ASSERTIONS = NO;
				ENABLE_STRICT_OBJC_MSGSEND = YES;
				GCC_C_LANGUAGE_STANDARD = gnu11;
				GCC_NO_COMMON_BLOCKS = YES;
				GCC_WARN_64_TO_32_BIT_CONVERSION = YES;
				GCC_WARN_ABOUT_RETURN_TYPE = YES_ERROR;
				GCC_WARN_UNDECLARED_SELECTOR = YES;
				GCC_WARN_UNINITIALIZED_AUTOS = YES_AGGRESSIVE;
				GCC_WARN_UNUSED_FUNCTION = YES;
				GCC_WARN_UNUSED_VARIABLE = YES;
				IPHONEOS_DEPLOYMENT_TARGET = 8.0;
				MTL_ENABLE_DEBUG_INFO = NO;
				SDKROOT = iphoneos;
				SWIFT_OPTIMIZATION_LEVEL = "-Owholemodule";
				VALIDATE_PRODUCT = YES;
				VALID_ARCHS = "arm64 armv7 armv7s i386 x86_64";
				VERSIONING_SYSTEM = "apple-generic";
				VERSION_INFO_PREFIX = "";
			};
			name = Release;
		};
		80FB0BBD2049585300B76E9C /* Release */ = {
			isa = XCBuildConfiguration;
			buildSettings = {
				CODE_SIGN_IDENTITY = "";
				CODE_SIGN_STYLE = Automatic;
				DEFINES_MODULE = YES;
				DEVELOPMENT_TEAM = 79FS8B67FE;
				DYLIB_COMPATIBILITY_VERSION = 1;
				DYLIB_CURRENT_VERSION = 1;
				DYLIB_INSTALL_NAME_BASE = "@rpath";
				FRAMEWORK_SEARCH_PATHS = (
					"$(inherited)",
					"$(PROJECT_DIR)/Frameworks",
				);
				INFOPLIST_FILE = ATInternetHandler/Info.plist;
				INSTALL_PATH = "$(LOCAL_LIBRARY_DIR)/Frameworks";
				IPHONEOS_DEPLOYMENT_TARGET = 8.0;
				LD_RUNPATH_SEARCH_PATHS = "$(inherited) @executable_path/Frameworks @loader_path/Frameworks";
				OTHER_LDFLAGS = (
					"-ObjC",
					"-framework",
					"\"CargoCore\"",
					"-framework",
					"\"Tracker\"",
				);
				PRODUCT_BUNDLE_IDENTIFIER = "com.fifty-five.ATInternetHandler";
				PRODUCT_NAME = "$(TARGET_NAME:c99extidentifier)";
				SKIP_INSTALL = YES;
				SWIFT_VERSION = 4.0;
				TARGETED_DEVICE_FAMILY = "1,2";
				VALID_ARCHS = "$(inherited)";
			};
			name = Release;
		};
		80FB0BC12049586800B76E9C /* Release */ = {
			isa = XCBuildConfiguration;
			buildSettings = {
				CODE_SIGN_STYLE = Automatic;
				DEVELOPMENT_TEAM = 79FS8B67FE;
				ONLY_ACTIVE_ARCH = "$(inherited)";
				PRODUCT_NAME = "$(TARGET_NAME)";
				VALID_ARCHS = "$(inherited)";
			};
			name = Release;
		};
/* End XCBuildConfiguration section */

/* Begin XCConfigurationList section */
		80FB0BAD2049585300B76E9C /* Build configuration list for PBXProject "ATInternetHandler" */ = {
			isa = XCConfigurationList;
			buildConfigurations = (
				80FB0BBA2049585300B76E9C /* Release */,
			);
			defaultConfigurationIsVisible = 0;
			defaultConfigurationName = Release;
		};
		80FB0BBB2049585300B76E9C /* Build configuration list for PBXNativeTarget "ATInternetHandler" */ = {
			isa = XCConfigurationList;
			buildConfigurations = (
				80FB0BBD2049585300B76E9C /* Release */,
			);
			defaultConfigurationIsVisible = 0;
			defaultConfigurationName = Release;
		};
		80FB0BBF2049586800B76E9C /* Build configuration list for PBXAggregateTarget "Aggregate" */ = {
			isa = XCConfigurationList;
			buildConfigurations = (
				80FB0BC12049586800B76E9C /* Release */,
			);
			defaultConfigurationIsVisible = 0;
			defaultConfigurationName = Release;
		};
/* End XCConfigurationList section */
	};
	rootObject = 80FB0BAA2049585300B76E9C /* Project object */;
}
